<?xml version='1.0' encoding='UTF-8'?>
<Project ToolsVersion='4.0' xmlns='http://schemas.microsoft.com/developer/msbuild/2003'>
  <ItemGroup>



  <Filter Include='sources'/><Filter Include='sources\import'/><Filter Include='imported'/><Filter Include='imported\binding_interface'/><Filter Include='imported\Eigen'/><Filter Include='imported\Eigen\src'/><Filter Include='imported\Eigen\src\Cholesky'/><Filter Include='imported\Eigen\src\CholmodSupport'/><Filter Include='imported\Eigen\src\Core'/><Filter Include='imported\Eigen\src\Core\arch'/><Filter Include='imported\Eigen\src\Core\arch\AltiVec'/><Filter Include='imported\Eigen\src\Core\arch\Default'/><Filter Include='imported\Eigen\src\Core\arch\NEON'/><Filter Include='imported\Eigen\src\Core\arch\SSE'/><Filter Include='imported\Eigen\src\Core\products'/><Filter Include='imported\Eigen\src\Core\util'/><Filter Include='imported\Eigen\src\Eigen2Support'/><Filter Include='imported\Eigen\src\Eigen2Support\Geometry'/><Filter Include='imported\Eigen\src\Eigenvalues'/><Filter Include='imported\Eigen\src\Geometry'/><Filter Include='imported\Eigen\src\Geometry\arch'/><Filter Include='imported\Eigen\src\Householder'/><Filter Include='imported\Eigen\src\IterativeLinearSolvers'/><Filter Include='imported\Eigen\src\Jacobi'/><Filter Include='imported\Eigen\src\LU'/><Filter Include='imported\Eigen\src\LU\arch'/><Filter Include='imported\Eigen\src\MetisSupport'/><Filter Include='imported\Eigen\src\misc'/><Filter Include='imported\Eigen\src\OrderingMethods'/><Filter Include='imported\Eigen\src\PardisoSupport'/><Filter Include='imported\Eigen\src\PaStiXSupport'/><Filter Include='imported\Eigen\src\plugins'/><Filter Include='imported\Eigen\src\QR'/><Filter Include='imported\Eigen\src\SparseCholesky'/><Filter Include='imported\Eigen\src\SparseCore'/><Filter Include='imported\Eigen\src\SparseLU'/><Filter Include='imported\Eigen\src\SparseQR'/><Filter Include='imported\Eigen\src\SPQRSupport'/><Filter Include='imported\Eigen\src\StlSupport'/><Filter Include='imported\Eigen\src\SuperLUSupport'/><Filter Include='imported\Eigen\src\SVD'/><Filter Include='imported\Eigen\src\UmfPackSupport'/><Filter Include='imported\generated_binding'/><Filter Include='imported\src'/></ItemGroup>
  <ItemGroup>
    <Text Include='ReadMe.txt'/>
  </ItemGroup>
<ItemGroup><ClInclude Include='../../sources/application.h'><Filter>sources</Filter></ClInclude><ClInclude Include='../../sources/import/external_code_importer.h'><Filter>sources\import</Filter></ClInclude><ClInclude Include='../../sources/project_base.h'><Filter>sources</Filter></ClInclude><ClInclude Include='../../sources/project_group.h'><Filter>sources</Filter></ClInclude><ClInclude Include='../../sources/project_group_scene.h'><Filter>sources</Filter></ClInclude><ClInclude Include='../../sources/project_mruby_call.h'><Filter>sources</Filter></ClInclude><ClInclude Include='../../../../dycoon_labo/experimentals/cor_matrix/cpp/binding_interface/dense_matrix.h'><Filter>imported\binding_interface</Filter></ClInclude><ClInclude Include='../../../../dycoon_labo/experimentals/cor_matrix/cpp/binding_interface/sparse_matrix.h'><Filter>imported\binding_interface</Filter></ClInclude><ClInclude Include='../../../../dycoon_labo/experimentals/cor_matrix/cpp/Eigen/src/Cholesky/LDLT.h'><Filter>imported\Eigen\src\Cholesky</Filter></ClInclude><ClInclude Include='../../../../dycoon_labo/experimentals/cor_matrix/cpp/Eigen/src/Cholesky/LLT.h'><Filter>imported\Eigen\src\Cholesky</Filter></ClInclude><ClInclude Include='../../../../dycoon_labo/experimentals/cor_matrix/cpp/Eigen/src/Cholesky/LLT_MKL.h'><Filter>imported\Eigen\src\Cholesky</Filter></ClInclude><ClInclude Include='../../../../dycoon_labo/experimentals/cor_matrix/cpp/Eigen/src/CholmodSupport/CholmodSupport.h'><Filter>imported\Eigen\src\CholmodSupport</Filter></ClInclude><ClInclude Include='../../../../dycoon_labo/experimentals/cor_matrix/cpp/Eigen/src/Core/arch/AltiVec/Complex.h'><Filter>imported\Eigen\src\Core\arch\AltiVec</Filter></ClInclude><ClInclude Include='../../../../dycoon_labo/experimentals/cor_matrix/cpp/Eigen/src/Core/arch/AltiVec/PacketMath.h'><Filter>imported\Eigen\src\Core\arch\AltiVec</Filter></ClInclude><ClInclude Include='../../../../dycoon_labo/experimentals/cor_matrix/cpp/Eigen/src/Core/arch/Default/Settings.h'><Filter>imported\Eigen\src\Core\arch\Default</Filter></ClInclude><ClInclude Include='../../../../dycoon_labo/experimentals/cor_matrix/cpp/Eigen/src/Core/arch/NEON/Complex.h'><Filter>imported\Eigen\src\Core\arch\NEON</Filter></ClInclude><ClInclude Include='../../../../dycoon_labo/experimentals/cor_matrix/cpp/Eigen/src/Core/arch/NEON/PacketMath.h'><Filter>imported\Eigen\src\Core\arch\NEON</Filter></ClInclude><ClInclude Include='../../../../dycoon_labo/experimentals/cor_matrix/cpp/Eigen/src/Core/arch/SSE/Complex.h'><Filter>imported\Eigen\src\Core\arch\SSE</Filter></ClInclude><ClInclude Include='../../../../dycoon_labo/experimentals/cor_matrix/cpp/Eigen/src/Core/arch/SSE/MathFunctions.h'><Filter>imported\Eigen\src\Core\arch\SSE</Filter></ClInclude><ClInclude Include='../../../../dycoon_labo/experimentals/cor_matrix/cpp/Eigen/src/Core/arch/SSE/PacketMath.h'><Filter>imported\Eigen\src\Core\arch\SSE</Filter></ClInclude><ClInclude Include='../../../../dycoon_labo/experimentals/cor_matrix/cpp/Eigen/src/Core/Array.h'><Filter>imported\Eigen\src\Core</Filter></ClInclude><ClInclude Include='../../../../dycoon_labo/experimentals/cor_matrix/cpp/Eigen/src/Core/ArrayBase.h'><Filter>imported\Eigen\src\Core</Filter></ClInclude><ClInclude Include='../../../../dycoon_labo/experimentals/cor_matrix/cpp/Eigen/src/Core/ArrayWrapper.h'><Filter>imported\Eigen\src\Core</Filter></ClInclude><ClInclude Include='../../../../dycoon_labo/experimentals/cor_matrix/cpp/Eigen/src/Core/Assign.h'><Filter>imported\Eigen\src\Core</Filter></ClInclude><ClInclude Include='../../../../dycoon_labo/experimentals/cor_matrix/cpp/Eigen/src/Core/Assign_MKL.h'><Filter>imported\Eigen\src\Core</Filter></ClInclude><ClInclude Include='../../../../dycoon_labo/experimentals/cor_matrix/cpp/Eigen/src/Core/BandMatrix.h'><Filter>imported\Eigen\src\Core</Filter></ClInclude><ClInclude Include='../../../../dycoon_labo/experimentals/cor_matrix/cpp/Eigen/src/Core/Block.h'><Filter>imported\Eigen\src\Core</Filter></ClInclude><ClInclude Include='../../../../dycoon_labo/experimentals/cor_matrix/cpp/Eigen/src/Core/BooleanRedux.h'><Filter>imported\Eigen\src\Core</Filter></ClInclude><ClInclude Include='../../../../dycoon_labo/experimentals/cor_matrix/cpp/Eigen/src/Core/CommaInitializer.h'><Filter>imported\Eigen\src\Core</Filter></ClInclude><ClInclude Include='../../../../dycoon_labo/experimentals/cor_matrix/cpp/Eigen/src/Core/CoreIterators.h'><Filter>imported\Eigen\src\Core</Filter></ClInclude><ClInclude Include='../../../../dycoon_labo/experimentals/cor_matrix/cpp/Eigen/src/Core/CwiseBinaryOp.h'><Filter>imported\Eigen\src\Core</Filter></ClInclude><ClInclude Include='../../../../dycoon_labo/experimentals/cor_matrix/cpp/Eigen/src/Core/CwiseNullaryOp.h'><Filter>imported\Eigen\src\Core</Filter></ClInclude><ClInclude Include='../../../../dycoon_labo/experimentals/cor_matrix/cpp/Eigen/src/Core/CwiseUnaryOp.h'><Filter>imported\Eigen\src\Core</Filter></ClInclude><ClInclude Include='../../../../dycoon_labo/experimentals/cor_matrix/cpp/Eigen/src/Core/CwiseUnaryView.h'><Filter>imported\Eigen\src\Core</Filter></ClInclude><ClInclude Include='../../../../dycoon_labo/experimentals/cor_matrix/cpp/Eigen/src/Core/DenseBase.h'><Filter>imported\Eigen\src\Core</Filter></ClInclude><ClInclude Include='../../../../dycoon_labo/experimentals/cor_matrix/cpp/Eigen/src/Core/DenseCoeffsBase.h'><Filter>imported\Eigen\src\Core</Filter></ClInclude><ClInclude Include='../../../../dycoon_labo/experimentals/cor_matrix/cpp/Eigen/src/Core/DenseStorage.h'><Filter>imported\Eigen\src\Core</Filter></ClInclude><ClInclude Include='../../../../dycoon_labo/experimentals/cor_matrix/cpp/Eigen/src/Core/Diagonal.h'><Filter>imported\Eigen\src\Core</Filter></ClInclude><ClInclude Include='../../../../dycoon_labo/experimentals/cor_matrix/cpp/Eigen/src/Core/DiagonalMatrix.h'><Filter>imported\Eigen\src\Core</Filter></ClInclude><ClInclude Include='../../../../dycoon_labo/experimentals/cor_matrix/cpp/Eigen/src/Core/DiagonalProduct.h'><Filter>imported\Eigen\src\Core</Filter></ClInclude><ClInclude Include='../../../../dycoon_labo/experimentals/cor_matrix/cpp/Eigen/src/Core/Dot.h'><Filter>imported\Eigen\src\Core</Filter></ClInclude><ClInclude Include='../../../../dycoon_labo/experimentals/cor_matrix/cpp/Eigen/src/Core/EigenBase.h'><Filter>imported\Eigen\src\Core</Filter></ClInclude><ClInclude Include='../../../../dycoon_labo/experimentals/cor_matrix/cpp/Eigen/src/Core/Flagged.h'><Filter>imported\Eigen\src\Core</Filter></ClInclude><ClInclude Include='../../../../dycoon_labo/experimentals/cor_matrix/cpp/Eigen/src/Core/ForceAlignedAccess.h'><Filter>imported\Eigen\src\Core</Filter></ClInclude><ClInclude Include='../../../../dycoon_labo/experimentals/cor_matrix/cpp/Eigen/src/Core/Functors.h'><Filter>imported\Eigen\src\Core</Filter></ClInclude><ClInclude Include='../../../../dycoon_labo/experimentals/cor_matrix/cpp/Eigen/src/Core/Fuzzy.h'><Filter>imported\Eigen\src\Core</Filter></ClInclude><ClInclude Include='../../../../dycoon_labo/experimentals/cor_matrix/cpp/Eigen/src/Core/GeneralProduct.h'><Filter>imported\Eigen\src\Core</Filter></ClInclude><ClInclude Include='../../../../dycoon_labo/experimentals/cor_matrix/cpp/Eigen/src/Core/GenericPacketMath.h'><Filter>imported\Eigen\src\Core</Filter></ClInclude><ClInclude Include='../../../../dycoon_labo/experimentals/cor_matrix/cpp/Eigen/src/Core/GlobalFunctions.h'><Filter>imported\Eigen\src\Core</Filter></ClInclude><ClInclude Include='../../../../dycoon_labo/experimentals/cor_matrix/cpp/Eigen/src/Core/IO.h'><Filter>imported\Eigen\src\Core</Filter></ClInclude><ClInclude Include='../../../../dycoon_labo/experimentals/cor_matrix/cpp/Eigen/src/Core/Map.h'><Filter>imported\Eigen\src\Core</Filter></ClInclude><ClInclude Include='../../../../dycoon_labo/experimentals/cor_matrix/cpp/Eigen/src/Core/MapBase.h'><Filter>imported\Eigen\src\Core</Filter></ClInclude><ClInclude Include='../../../../dycoon_labo/experimentals/cor_matrix/cpp/Eigen/src/Core/MathFunctions.h'><Filter>imported\Eigen\src\Core</Filter></ClInclude><ClInclude Include='../../../../dycoon_labo/experimentals/cor_matrix/cpp/Eigen/src/Core/Matrix.h'><Filter>imported\Eigen\src\Core</Filter></ClInclude><ClInclude Include='../../../../dycoon_labo/experimentals/cor_matrix/cpp/Eigen/src/Core/MatrixBase.h'><Filter>imported\Eigen\src\Core</Filter></ClInclude><ClInclude Include='../../../../dycoon_labo/experimentals/cor_matrix/cpp/Eigen/src/Core/NestByValue.h'><Filter>imported\Eigen\src\Core</Filter></ClInclude><ClInclude Include='../../../../dycoon_labo/experimentals/cor_matrix/cpp/Eigen/src/Core/NoAlias.h'><Filter>imported\Eigen\src\Core</Filter></ClInclude><ClInclude Include='../../../../dycoon_labo/experimentals/cor_matrix/cpp/Eigen/src/Core/NumTraits.h'><Filter>imported\Eigen\src\Core</Filter></ClInclude><ClInclude Include='../../../../dycoon_labo/experimentals/cor_matrix/cpp/Eigen/src/Core/PermutationMatrix.h'><Filter>imported\Eigen\src\Core</Filter></ClInclude><ClInclude Include='../../../../dycoon_labo/experimentals/cor_matrix/cpp/Eigen/src/Core/PlainObjectBase.h'><Filter>imported\Eigen\src\Core</Filter></ClInclude><ClInclude Include='../../../../dycoon_labo/experimentals/cor_matrix/cpp/Eigen/src/Core/ProductBase.h'><Filter>imported\Eigen\src\Core</Filter></ClInclude><ClInclude Include='../../../../dycoon_labo/experimentals/cor_matrix/cpp/Eigen/src/Core/products/CoeffBasedProduct.h'><Filter>imported\Eigen\src\Core\products</Filter></ClInclude><ClInclude Include='../../../../dycoon_labo/experimentals/cor_matrix/cpp/Eigen/src/Core/products/GeneralBlockPanelKernel.h'><Filter>imported\Eigen\src\Core\products</Filter></ClInclude><ClInclude Include='../../../../dycoon_labo/experimentals/cor_matrix/cpp/Eigen/src/Core/products/GeneralMatrixMatrix.h'><Filter>imported\Eigen\src\Core\products</Filter></ClInclude><ClInclude Include='../../../../dycoon_labo/experimentals/cor_matrix/cpp/Eigen/src/Core/products/GeneralMatrixMatrixTriangular.h'><Filter>imported\Eigen\src\Core\products</Filter></ClInclude><ClInclude Include='../../../../dycoon_labo/experimentals/cor_matrix/cpp/Eigen/src/Core/products/GeneralMatrixMatrixTriangular_MKL.h'><Filter>imported\Eigen\src\Core\products</Filter></ClInclude><ClInclude Include='../../../../dycoon_labo/experimentals/cor_matrix/cpp/Eigen/src/Core/products/GeneralMatrixMatrix_MKL.h'><Filter>imported\Eigen\src\Core\products</Filter></ClInclude><ClInclude Include='../../../../dycoon_labo/experimentals/cor_matrix/cpp/Eigen/src/Core/products/GeneralMatrixVector.h'><Filter>imported\Eigen\src\Core\products</Filter></ClInclude><ClInclude Include='../../../../dycoon_labo/experimentals/cor_matrix/cpp/Eigen/src/Core/products/GeneralMatrixVector_MKL.h'><Filter>imported\Eigen\src\Core\products</Filter></ClInclude><ClInclude Include='../../../../dycoon_labo/experimentals/cor_matrix/cpp/Eigen/src/Core/products/Parallelizer.h'><Filter>imported\Eigen\src\Core\products</Filter></ClInclude><ClInclude Include='../../../../dycoon_labo/experimentals/cor_matrix/cpp/Eigen/src/Core/products/SelfadjointMatrixMatrix.h'><Filter>imported\Eigen\src\Core\products</Filter></ClInclude><ClInclude Include='../../../../dycoon_labo/experimentals/cor_matrix/cpp/Eigen/src/Core/products/SelfadjointMatrixMatrix_MKL.h'><Filter>imported\Eigen\src\Core\products</Filter></ClInclude><ClInclude Include='../../../../dycoon_labo/experimentals/cor_matrix/cpp/Eigen/src/Core/products/SelfadjointMatrixVector.h'><Filter>imported\Eigen\src\Core\products</Filter></ClInclude><ClInclude Include='../../../../dycoon_labo/experimentals/cor_matrix/cpp/Eigen/src/Core/products/SelfadjointMatrixVector_MKL.h'><Filter>imported\Eigen\src\Core\products</Filter></ClInclude><ClInclude Include='../../../../dycoon_labo/experimentals/cor_matrix/cpp/Eigen/src/Core/products/SelfadjointProduct.h'><Filter>imported\Eigen\src\Core\products</Filter></ClInclude><ClInclude Include='../../../../dycoon_labo/experimentals/cor_matrix/cpp/Eigen/src/Core/products/SelfadjointRank2Update.h'><Filter>imported\Eigen\src\Core\products</Filter></ClInclude><ClInclude Include='../../../../dycoon_labo/experimentals/cor_matrix/cpp/Eigen/src/Core/products/TriangularMatrixMatrix.h'><Filter>imported\Eigen\src\Core\products</Filter></ClInclude><ClInclude Include='../../../../dycoon_labo/experimentals/cor_matrix/cpp/Eigen/src/Core/products/TriangularMatrixMatrix_MKL.h'><Filter>imported\Eigen\src\Core\products</Filter></ClInclude><ClInclude Include='../../../../dycoon_labo/experimentals/cor_matrix/cpp/Eigen/src/Core/products/TriangularMatrixVector.h'><Filter>imported\Eigen\src\Core\products</Filter></ClInclude><ClInclude Include='../../../../dycoon_labo/experimentals/cor_matrix/cpp/Eigen/src/Core/products/TriangularMatrixVector_MKL.h'><Filter>imported\Eigen\src\Core\products</Filter></ClInclude><ClInclude Include='../../../../dycoon_labo/experimentals/cor_matrix/cpp/Eigen/src/Core/products/TriangularSolverMatrix.h'><Filter>imported\Eigen\src\Core\products</Filter></ClInclude><ClInclude Include='../../../../dycoon_labo/experimentals/cor_matrix/cpp/Eigen/src/Core/products/TriangularSolverMatrix_MKL.h'><Filter>imported\Eigen\src\Core\products</Filter></ClInclude><ClInclude Include='../../../../dycoon_labo/experimentals/cor_matrix/cpp/Eigen/src/Core/products/TriangularSolverVector.h'><Filter>imported\Eigen\src\Core\products</Filter></ClInclude><ClInclude Include='../../../../dycoon_labo/experimentals/cor_matrix/cpp/Eigen/src/Core/Random.h'><Filter>imported\Eigen\src\Core</Filter></ClInclude><ClInclude Include='../../../../dycoon_labo/experimentals/cor_matrix/cpp/Eigen/src/Core/Redux.h'><Filter>imported\Eigen\src\Core</Filter></ClInclude><ClInclude Include='../../../../dycoon_labo/experimentals/cor_matrix/cpp/Eigen/src/Core/Ref.h'><Filter>imported\Eigen\src\Core</Filter></ClInclude><ClInclude Include='../../../../dycoon_labo/experimentals/cor_matrix/cpp/Eigen/src/Core/Replicate.h'><Filter>imported\Eigen\src\Core</Filter></ClInclude><ClInclude Include='../../../../dycoon_labo/experimentals/cor_matrix/cpp/Eigen/src/Core/ReturnByValue.h'><Filter>imported\Eigen\src\Core</Filter></ClInclude><ClInclude Include='../../../../dycoon_labo/experimentals/cor_matrix/cpp/Eigen/src/Core/Reverse.h'><Filter>imported\Eigen\src\Core</Filter></ClInclude><ClInclude Include='../../../../dycoon_labo/experimentals/cor_matrix/cpp/Eigen/src/Core/Select.h'><Filter>imported\Eigen\src\Core</Filter></ClInclude><ClInclude Include='../../../../dycoon_labo/experimentals/cor_matrix/cpp/Eigen/src/Core/SelfAdjointView.h'><Filter>imported\Eigen\src\Core</Filter></ClInclude><ClInclude Include='../../../../dycoon_labo/experimentals/cor_matrix/cpp/Eigen/src/Core/SelfCwiseBinaryOp.h'><Filter>imported\Eigen\src\Core</Filter></ClInclude><ClInclude Include='../../../../dycoon_labo/experimentals/cor_matrix/cpp/Eigen/src/Core/SolveTriangular.h'><Filter>imported\Eigen\src\Core</Filter></ClInclude><ClInclude Include='../../../../dycoon_labo/experimentals/cor_matrix/cpp/Eigen/src/Core/StableNorm.h'><Filter>imported\Eigen\src\Core</Filter></ClInclude><ClInclude Include='../../../../dycoon_labo/experimentals/cor_matrix/cpp/Eigen/src/Core/Stride.h'><Filter>imported\Eigen\src\Core</Filter></ClInclude><ClInclude Include='../../../../dycoon_labo/experimentals/cor_matrix/cpp/Eigen/src/Core/Swap.h'><Filter>imported\Eigen\src\Core</Filter></ClInclude><ClInclude Include='../../../../dycoon_labo/experimentals/cor_matrix/cpp/Eigen/src/Core/Transpose.h'><Filter>imported\Eigen\src\Core</Filter></ClInclude><ClInclude Include='../../../../dycoon_labo/experimentals/cor_matrix/cpp/Eigen/src/Core/Transpositions.h'><Filter>imported\Eigen\src\Core</Filter></ClInclude><ClInclude Include='../../../../dycoon_labo/experimentals/cor_matrix/cpp/Eigen/src/Core/TriangularMatrix.h'><Filter>imported\Eigen\src\Core</Filter></ClInclude><ClInclude Include='../../../../dycoon_labo/experimentals/cor_matrix/cpp/Eigen/src/Core/util/BlasUtil.h'><Filter>imported\Eigen\src\Core\util</Filter></ClInclude><ClInclude Include='../../../../dycoon_labo/experimentals/cor_matrix/cpp/Eigen/src/Core/util/Constants.h'><Filter>imported\Eigen\src\Core\util</Filter></ClInclude><ClInclude Include='../../../../dycoon_labo/experimentals/cor_matrix/cpp/Eigen/src/Core/util/DisableStupidWarnings.h'><Filter>imported\Eigen\src\Core\util</Filter></ClInclude><ClInclude Include='../../../../dycoon_labo/experimentals/cor_matrix/cpp/Eigen/src/Core/util/ForwardDeclarations.h'><Filter>imported\Eigen\src\Core\util</Filter></ClInclude><ClInclude Include='../../../../dycoon_labo/experimentals/cor_matrix/cpp/Eigen/src/Core/util/Macros.h'><Filter>imported\Eigen\src\Core\util</Filter></ClInclude><ClInclude Include='../../../../dycoon_labo/experimentals/cor_matrix/cpp/Eigen/src/Core/util/Memory.h'><Filter>imported\Eigen\src\Core\util</Filter></ClInclude><ClInclude Include='../../../../dycoon_labo/experimentals/cor_matrix/cpp/Eigen/src/Core/util/Meta.h'><Filter>imported\Eigen\src\Core\util</Filter></ClInclude><ClInclude Include='../../../../dycoon_labo/experimentals/cor_matrix/cpp/Eigen/src/Core/util/MKL_support.h'><Filter>imported\Eigen\src\Core\util</Filter></ClInclude><ClInclude Include='../../../../dycoon_labo/experimentals/cor_matrix/cpp/Eigen/src/Core/util/NonMPL2.h'><Filter>imported\Eigen\src\Core\util</Filter></ClInclude><ClInclude Include='../../../../dycoon_labo/experimentals/cor_matrix/cpp/Eigen/src/Core/util/ReenableStupidWarnings.h'><Filter>imported\Eigen\src\Core\util</Filter></ClInclude><ClInclude Include='../../../../dycoon_labo/experimentals/cor_matrix/cpp/Eigen/src/Core/util/StaticAssert.h'><Filter>imported\Eigen\src\Core\util</Filter></ClInclude><ClInclude Include='../../../../dycoon_labo/experimentals/cor_matrix/cpp/Eigen/src/Core/util/XprHelper.h'><Filter>imported\Eigen\src\Core\util</Filter></ClInclude><ClInclude Include='../../../../dycoon_labo/experimentals/cor_matrix/cpp/Eigen/src/Core/VectorBlock.h'><Filter>imported\Eigen\src\Core</Filter></ClInclude><ClInclude Include='../../../../dycoon_labo/experimentals/cor_matrix/cpp/Eigen/src/Core/VectorwiseOp.h'><Filter>imported\Eigen\src\Core</Filter></ClInclude><ClInclude Include='../../../../dycoon_labo/experimentals/cor_matrix/cpp/Eigen/src/Core/Visitor.h'><Filter>imported\Eigen\src\Core</Filter></ClInclude><ClInclude Include='../../../../dycoon_labo/experimentals/cor_matrix/cpp/Eigen/src/Eigen2Support/Block.h'><Filter>imported\Eigen\src\Eigen2Support</Filter></ClInclude><ClInclude Include='../../../../dycoon_labo/experimentals/cor_matrix/cpp/Eigen/src/Eigen2Support/Cwise.h'><Filter>imported\Eigen\src\Eigen2Support</Filter></ClInclude><ClInclude Include='../../../../dycoon_labo/experimentals/cor_matrix/cpp/Eigen/src/Eigen2Support/CwiseOperators.h'><Filter>imported\Eigen\src\Eigen2Support</Filter></ClInclude><ClInclude Include='../../../../dycoon_labo/experimentals/cor_matrix/cpp/Eigen/src/Eigen2Support/Geometry/AlignedBox.h'><Filter>imported\Eigen\src\Eigen2Support\Geometry</Filter></ClInclude><ClInclude Include='../../../../dycoon_labo/experimentals/cor_matrix/cpp/Eigen/src/Eigen2Support/Geometry/All.h'><Filter>imported\Eigen\src\Eigen2Support\Geometry</Filter></ClInclude><ClInclude Include='../../../../dycoon_labo/experimentals/cor_matrix/cpp/Eigen/src/Eigen2Support/Geometry/AngleAxis.h'><Filter>imported\Eigen\src\Eigen2Support\Geometry</Filter></ClInclude><ClInclude Include='../../../../dycoon_labo/experimentals/cor_matrix/cpp/Eigen/src/Eigen2Support/Geometry/Hyperplane.h'><Filter>imported\Eigen\src\Eigen2Support\Geometry</Filter></ClInclude><ClInclude Include='../../../../dycoon_labo/experimentals/cor_matrix/cpp/Eigen/src/Eigen2Support/Geometry/ParametrizedLine.h'><Filter>imported\Eigen\src\Eigen2Support\Geometry</Filter></ClInclude><ClInclude Include='../../../../dycoon_labo/experimentals/cor_matrix/cpp/Eigen/src/Eigen2Support/Geometry/Quaternion.h'><Filter>imported\Eigen\src\Eigen2Support\Geometry</Filter></ClInclude><ClInclude Include='../../../../dycoon_labo/experimentals/cor_matrix/cpp/Eigen/src/Eigen2Support/Geometry/Rotation2D.h'><Filter>imported\Eigen\src\Eigen2Support\Geometry</Filter></ClInclude><ClInclude Include='../../../../dycoon_labo/experimentals/cor_matrix/cpp/Eigen/src/Eigen2Support/Geometry/RotationBase.h'><Filter>imported\Eigen\src\Eigen2Support\Geometry</Filter></ClInclude><ClInclude Include='../../../../dycoon_labo/experimentals/cor_matrix/cpp/Eigen/src/Eigen2Support/Geometry/Scaling.h'><Filter>imported\Eigen\src\Eigen2Support\Geometry</Filter></ClInclude><ClInclude Include='../../../../dycoon_labo/experimentals/cor_matrix/cpp/Eigen/src/Eigen2Support/Geometry/Transform.h'><Filter>imported\Eigen\src\Eigen2Support\Geometry</Filter></ClInclude><ClInclude Include='../../../../dycoon_labo/experimentals/cor_matrix/cpp/Eigen/src/Eigen2Support/Geometry/Translation.h'><Filter>imported\Eigen\src\Eigen2Support\Geometry</Filter></ClInclude><ClInclude Include='../../../../dycoon_labo/experimentals/cor_matrix/cpp/Eigen/src/Eigen2Support/Lazy.h'><Filter>imported\Eigen\src\Eigen2Support</Filter></ClInclude><ClInclude Include='../../../../dycoon_labo/experimentals/cor_matrix/cpp/Eigen/src/Eigen2Support/LeastSquares.h'><Filter>imported\Eigen\src\Eigen2Support</Filter></ClInclude><ClInclude Include='../../../../dycoon_labo/experimentals/cor_matrix/cpp/Eigen/src/Eigen2Support/LU.h'><Filter>imported\Eigen\src\Eigen2Support</Filter></ClInclude><ClInclude Include='../../../../dycoon_labo/experimentals/cor_matrix/cpp/Eigen/src/Eigen2Support/Macros.h'><Filter>imported\Eigen\src\Eigen2Support</Filter></ClInclude><ClInclude Include='../../../../dycoon_labo/experimentals/cor_matrix/cpp/Eigen/src/Eigen2Support/MathFunctions.h'><Filter>imported\Eigen\src\Eigen2Support</Filter></ClInclude><ClInclude Include='../../../../dycoon_labo/experimentals/cor_matrix/cpp/Eigen/src/Eigen2Support/Memory.h'><Filter>imported\Eigen\src\Eigen2Support</Filter></ClInclude><ClInclude Include='../../../../dycoon_labo/experimentals/cor_matrix/cpp/Eigen/src/Eigen2Support/Meta.h'><Filter>imported\Eigen\src\Eigen2Support</Filter></ClInclude><ClInclude Include='../../../../dycoon_labo/experimentals/cor_matrix/cpp/Eigen/src/Eigen2Support/Minor.h'><Filter>imported\Eigen\src\Eigen2Support</Filter></ClInclude><ClInclude Include='../../../../dycoon_labo/experimentals/cor_matrix/cpp/Eigen/src/Eigen2Support/QR.h'><Filter>imported\Eigen\src\Eigen2Support</Filter></ClInclude><ClInclude Include='../../../../dycoon_labo/experimentals/cor_matrix/cpp/Eigen/src/Eigen2Support/SVD.h'><Filter>imported\Eigen\src\Eigen2Support</Filter></ClInclude><ClInclude Include='../../../../dycoon_labo/experimentals/cor_matrix/cpp/Eigen/src/Eigen2Support/TriangularSolver.h'><Filter>imported\Eigen\src\Eigen2Support</Filter></ClInclude><ClInclude Include='../../../../dycoon_labo/experimentals/cor_matrix/cpp/Eigen/src/Eigen2Support/VectorBlock.h'><Filter>imported\Eigen\src\Eigen2Support</Filter></ClInclude><ClInclude Include='../../../../dycoon_labo/experimentals/cor_matrix/cpp/Eigen/src/Eigenvalues/ComplexEigenSolver.h'><Filter>imported\Eigen\src\Eigenvalues</Filter></ClInclude><ClInclude Include='../../../../dycoon_labo/experimentals/cor_matrix/cpp/Eigen/src/Eigenvalues/ComplexSchur.h'><Filter>imported\Eigen\src\Eigenvalues</Filter></ClInclude><ClInclude Include='../../../../dycoon_labo/experimentals/cor_matrix/cpp/Eigen/src/Eigenvalues/ComplexSchur_MKL.h'><Filter>imported\Eigen\src\Eigenvalues</Filter></ClInclude><ClInclude Include='../../../../dycoon_labo/experimentals/cor_matrix/cpp/Eigen/src/Eigenvalues/EigenSolver.h'><Filter>imported\Eigen\src\Eigenvalues</Filter></ClInclude><ClInclude Include='../../../../dycoon_labo/experimentals/cor_matrix/cpp/Eigen/src/Eigenvalues/GeneralizedEigenSolver.h'><Filter>imported\Eigen\src\Eigenvalues</Filter></ClInclude><ClInclude Include='../../../../dycoon_labo/experimentals/cor_matrix/cpp/Eigen/src/Eigenvalues/GeneralizedSelfAdjointEigenSolver.h'><Filter>imported\Eigen\src\Eigenvalues</Filter></ClInclude><ClInclude Include='../../../../dycoon_labo/experimentals/cor_matrix/cpp/Eigen/src/Eigenvalues/HessenbergDecomposition.h'><Filter>imported\Eigen\src\Eigenvalues</Filter></ClInclude><ClInclude Include='../../../../dycoon_labo/experimentals/cor_matrix/cpp/Eigen/src/Eigenvalues/MatrixBaseEigenvalues.h'><Filter>imported\Eigen\src\Eigenvalues</Filter></ClInclude><ClInclude Include='../../../../dycoon_labo/experimentals/cor_matrix/cpp/Eigen/src/Eigenvalues/RealQZ.h'><Filter>imported\Eigen\src\Eigenvalues</Filter></ClInclude><ClInclude Include='../../../../dycoon_labo/experimentals/cor_matrix/cpp/Eigen/src/Eigenvalues/RealSchur.h'><Filter>imported\Eigen\src\Eigenvalues</Filter></ClInclude><ClInclude Include='../../../../dycoon_labo/experimentals/cor_matrix/cpp/Eigen/src/Eigenvalues/RealSchur_MKL.h'><Filter>imported\Eigen\src\Eigenvalues</Filter></ClInclude><ClInclude Include='../../../../dycoon_labo/experimentals/cor_matrix/cpp/Eigen/src/Eigenvalues/SelfAdjointEigenSolver.h'><Filter>imported\Eigen\src\Eigenvalues</Filter></ClInclude><ClInclude Include='../../../../dycoon_labo/experimentals/cor_matrix/cpp/Eigen/src/Eigenvalues/SelfAdjointEigenSolver_MKL.h'><Filter>imported\Eigen\src\Eigenvalues</Filter></ClInclude><ClInclude Include='../../../../dycoon_labo/experimentals/cor_matrix/cpp/Eigen/src/Eigenvalues/Tridiagonalization.h'><Filter>imported\Eigen\src\Eigenvalues</Filter></ClInclude><ClInclude Include='../../../../dycoon_labo/experimentals/cor_matrix/cpp/Eigen/src/Geometry/AlignedBox.h'><Filter>imported\Eigen\src\Geometry</Filter></ClInclude><ClInclude Include='../../../../dycoon_labo/experimentals/cor_matrix/cpp/Eigen/src/Geometry/AngleAxis.h'><Filter>imported\Eigen\src\Geometry</Filter></ClInclude><ClInclude Include='../../../../dycoon_labo/experimentals/cor_matrix/cpp/Eigen/src/Geometry/arch/Geometry_SSE.h'><Filter>imported\Eigen\src\Geometry\arch</Filter></ClInclude><ClInclude Include='../../../../dycoon_labo/experimentals/cor_matrix/cpp/Eigen/src/Geometry/EulerAngles.h'><Filter>imported\Eigen\src\Geometry</Filter></ClInclude><ClInclude Include='../../../../dycoon_labo/experimentals/cor_matrix/cpp/Eigen/src/Geometry/Homogeneous.h'><Filter>imported\Eigen\src\Geometry</Filter></ClInclude><ClInclude Include='../../../../dycoon_labo/experimentals/cor_matrix/cpp/Eigen/src/Geometry/Hyperplane.h'><Filter>imported\Eigen\src\Geometry</Filter></ClInclude><ClInclude Include='../../../../dycoon_labo/experimentals/cor_matrix/cpp/Eigen/src/Geometry/OrthoMethods.h'><Filter>imported\Eigen\src\Geometry</Filter></ClInclude><ClInclude Include='../../../../dycoon_labo/experimentals/cor_matrix/cpp/Eigen/src/Geometry/ParametrizedLine.h'><Filter>imported\Eigen\src\Geometry</Filter></ClInclude><ClInclude Include='../../../../dycoon_labo/experimentals/cor_matrix/cpp/Eigen/src/Geometry/Quaternion.h'><Filter>imported\Eigen\src\Geometry</Filter></ClInclude><ClInclude Include='../../../../dycoon_labo/experimentals/cor_matrix/cpp/Eigen/src/Geometry/Rotation2D.h'><Filter>imported\Eigen\src\Geometry</Filter></ClInclude><ClInclude Include='../../../../dycoon_labo/experimentals/cor_matrix/cpp/Eigen/src/Geometry/RotationBase.h'><Filter>imported\Eigen\src\Geometry</Filter></ClInclude><ClInclude Include='../../../../dycoon_labo/experimentals/cor_matrix/cpp/Eigen/src/Geometry/Scaling.h'><Filter>imported\Eigen\src\Geometry</Filter></ClInclude><ClInclude Include='../../../../dycoon_labo/experimentals/cor_matrix/cpp/Eigen/src/Geometry/Transform.h'><Filter>imported\Eigen\src\Geometry</Filter></ClInclude><ClInclude Include='../../../../dycoon_labo/experimentals/cor_matrix/cpp/Eigen/src/Geometry/Translation.h'><Filter>imported\Eigen\src\Geometry</Filter></ClInclude><ClInclude Include='../../../../dycoon_labo/experimentals/cor_matrix/cpp/Eigen/src/Geometry/Umeyama.h'><Filter>imported\Eigen\src\Geometry</Filter></ClInclude><ClInclude Include='../../../../dycoon_labo/experimentals/cor_matrix/cpp/Eigen/src/Householder/BlockHouseholder.h'><Filter>imported\Eigen\src\Householder</Filter></ClInclude><ClInclude Include='../../../../dycoon_labo/experimentals/cor_matrix/cpp/Eigen/src/Householder/Householder.h'><Filter>imported\Eigen\src\Householder</Filter></ClInclude><ClInclude Include='../../../../dycoon_labo/experimentals/cor_matrix/cpp/Eigen/src/Householder/HouseholderSequence.h'><Filter>imported\Eigen\src\Householder</Filter></ClInclude><ClInclude Include='../../../../dycoon_labo/experimentals/cor_matrix/cpp/Eigen/src/IterativeLinearSolvers/BasicPreconditioners.h'><Filter>imported\Eigen\src\IterativeLinearSolvers</Filter></ClInclude><ClInclude Include='../../../../dycoon_labo/experimentals/cor_matrix/cpp/Eigen/src/IterativeLinearSolvers/BiCGSTAB.h'><Filter>imported\Eigen\src\IterativeLinearSolvers</Filter></ClInclude><ClInclude Include='../../../../dycoon_labo/experimentals/cor_matrix/cpp/Eigen/src/IterativeLinearSolvers/ConjugateGradient.h'><Filter>imported\Eigen\src\IterativeLinearSolvers</Filter></ClInclude><ClInclude Include='../../../../dycoon_labo/experimentals/cor_matrix/cpp/Eigen/src/IterativeLinearSolvers/IncompleteLUT.h'><Filter>imported\Eigen\src\IterativeLinearSolvers</Filter></ClInclude><ClInclude Include='../../../../dycoon_labo/experimentals/cor_matrix/cpp/Eigen/src/IterativeLinearSolvers/IterativeSolverBase.h'><Filter>imported\Eigen\src\IterativeLinearSolvers</Filter></ClInclude><ClInclude Include='../../../../dycoon_labo/experimentals/cor_matrix/cpp/Eigen/src/Jacobi/Jacobi.h'><Filter>imported\Eigen\src\Jacobi</Filter></ClInclude><ClInclude Include='../../../../dycoon_labo/experimentals/cor_matrix/cpp/Eigen/src/LU/arch/Inverse_SSE.h'><Filter>imported\Eigen\src\LU\arch</Filter></ClInclude><ClInclude Include='../../../../dycoon_labo/experimentals/cor_matrix/cpp/Eigen/src/LU/Determinant.h'><Filter>imported\Eigen\src\LU</Filter></ClInclude><ClInclude Include='../../../../dycoon_labo/experimentals/cor_matrix/cpp/Eigen/src/LU/FullPivLU.h'><Filter>imported\Eigen\src\LU</Filter></ClInclude><ClInclude Include='../../../../dycoon_labo/experimentals/cor_matrix/cpp/Eigen/src/LU/Inverse.h'><Filter>imported\Eigen\src\LU</Filter></ClInclude><ClInclude Include='../../../../dycoon_labo/experimentals/cor_matrix/cpp/Eigen/src/LU/PartialPivLU.h'><Filter>imported\Eigen\src\LU</Filter></ClInclude><ClInclude Include='../../../../dycoon_labo/experimentals/cor_matrix/cpp/Eigen/src/LU/PartialPivLU_MKL.h'><Filter>imported\Eigen\src\LU</Filter></ClInclude><ClInclude Include='../../../../dycoon_labo/experimentals/cor_matrix/cpp/Eigen/src/MetisSupport/MetisSupport.h'><Filter>imported\Eigen\src\MetisSupport</Filter></ClInclude><ClInclude Include='../../../../dycoon_labo/experimentals/cor_matrix/cpp/Eigen/src/misc/blas.h'><Filter>imported\Eigen\src\misc</Filter></ClInclude><ClInclude Include='../../../../dycoon_labo/experimentals/cor_matrix/cpp/Eigen/src/misc/Image.h'><Filter>imported\Eigen\src\misc</Filter></ClInclude><ClInclude Include='../../../../dycoon_labo/experimentals/cor_matrix/cpp/Eigen/src/misc/Kernel.h'><Filter>imported\Eigen\src\misc</Filter></ClInclude><ClInclude Include='../../../../dycoon_labo/experimentals/cor_matrix/cpp/Eigen/src/misc/Solve.h'><Filter>imported\Eigen\src\misc</Filter></ClInclude><ClInclude Include='../../../../dycoon_labo/experimentals/cor_matrix/cpp/Eigen/src/misc/SparseSolve.h'><Filter>imported\Eigen\src\misc</Filter></ClInclude><ClInclude Include='../../../../dycoon_labo/experimentals/cor_matrix/cpp/Eigen/src/OrderingMethods/Amd.h'><Filter>imported\Eigen\src\OrderingMethods</Filter></ClInclude><ClInclude Include='../../../../dycoon_labo/experimentals/cor_matrix/cpp/Eigen/src/OrderingMethods/Eigen_Colamd.h'><Filter>imported\Eigen\src\OrderingMethods</Filter></ClInclude><ClInclude Include='../../../../dycoon_labo/experimentals/cor_matrix/cpp/Eigen/src/OrderingMethods/Ordering.h'><Filter>imported\Eigen\src\OrderingMethods</Filter></ClInclude><ClInclude Include='../../../../dycoon_labo/experimentals/cor_matrix/cpp/Eigen/src/PardisoSupport/PardisoSupport.h'><Filter>imported\Eigen\src\PardisoSupport</Filter></ClInclude><ClInclude Include='../../../../dycoon_labo/experimentals/cor_matrix/cpp/Eigen/src/PaStiXSupport/PaStiXSupport.h'><Filter>imported\Eigen\src\PaStiXSupport</Filter></ClInclude><ClInclude Include='../../../../dycoon_labo/experimentals/cor_matrix/cpp/Eigen/src/plugins/ArrayCwiseBinaryOps.h'><Filter>imported\Eigen\src\plugins</Filter></ClInclude><ClInclude Include='../../../../dycoon_labo/experimentals/cor_matrix/cpp/Eigen/src/plugins/ArrayCwiseUnaryOps.h'><Filter>imported\Eigen\src\plugins</Filter></ClInclude><ClInclude Include='../../../../dycoon_labo/experimentals/cor_matrix/cpp/Eigen/src/plugins/BlockMethods.h'><Filter>imported\Eigen\src\plugins</Filter></ClInclude><ClInclude Include='../../../../dycoon_labo/experimentals/cor_matrix/cpp/Eigen/src/plugins/CommonCwiseBinaryOps.h'><Filter>imported\Eigen\src\plugins</Filter></ClInclude><ClInclude Include='../../../../dycoon_labo/experimentals/cor_matrix/cpp/Eigen/src/plugins/CommonCwiseUnaryOps.h'><Filter>imported\Eigen\src\plugins</Filter></ClInclude><ClInclude Include='../../../../dycoon_labo/experimentals/cor_matrix/cpp/Eigen/src/plugins/MatrixCwiseBinaryOps.h'><Filter>imported\Eigen\src\plugins</Filter></ClInclude><ClInclude Include='../../../../dycoon_labo/experimentals/cor_matrix/cpp/Eigen/src/plugins/MatrixCwiseUnaryOps.h'><Filter>imported\Eigen\src\plugins</Filter></ClInclude><ClInclude Include='../../../../dycoon_labo/experimentals/cor_matrix/cpp/Eigen/src/QR/ColPivHouseholderQR.h'><Filter>imported\Eigen\src\QR</Filter></ClInclude><ClInclude Include='../../../../dycoon_labo/experimentals/cor_matrix/cpp/Eigen/src/QR/ColPivHouseholderQR_MKL.h'><Filter>imported\Eigen\src\QR</Filter></ClInclude><ClInclude Include='../../../../dycoon_labo/experimentals/cor_matrix/cpp/Eigen/src/QR/FullPivHouseholderQR.h'><Filter>imported\Eigen\src\QR</Filter></ClInclude><ClInclude Include='../../../../dycoon_labo/experimentals/cor_matrix/cpp/Eigen/src/QR/HouseholderQR.h'><Filter>imported\Eigen\src\QR</Filter></ClInclude><ClInclude Include='../../../../dycoon_labo/experimentals/cor_matrix/cpp/Eigen/src/QR/HouseholderQR_MKL.h'><Filter>imported\Eigen\src\QR</Filter></ClInclude><ClInclude Include='../../../../dycoon_labo/experimentals/cor_matrix/cpp/Eigen/src/SparseCholesky/SimplicialCholesky.h'><Filter>imported\Eigen\src\SparseCholesky</Filter></ClInclude><ClInclude Include='../../../../dycoon_labo/experimentals/cor_matrix/cpp/Eigen/src/SparseCholesky/SimplicialCholesky_impl.h'><Filter>imported\Eigen\src\SparseCholesky</Filter></ClInclude><ClInclude Include='../../../../dycoon_labo/experimentals/cor_matrix/cpp/Eigen/src/SparseCore/AmbiVector.h'><Filter>imported\Eigen\src\SparseCore</Filter></ClInclude><ClInclude Include='../../../../dycoon_labo/experimentals/cor_matrix/cpp/Eigen/src/SparseCore/CompressedStorage.h'><Filter>imported\Eigen\src\SparseCore</Filter></ClInclude><ClInclude Include='../../../../dycoon_labo/experimentals/cor_matrix/cpp/Eigen/src/SparseCore/ConservativeSparseSparseProduct.h'><Filter>imported\Eigen\src\SparseCore</Filter></ClInclude><ClInclude Include='../../../../dycoon_labo/experimentals/cor_matrix/cpp/Eigen/src/SparseCore/MappedSparseMatrix.h'><Filter>imported\Eigen\src\SparseCore</Filter></ClInclude><ClInclude Include='../../../../dycoon_labo/experimentals/cor_matrix/cpp/Eigen/src/SparseCore/SparseBlock.h'><Filter>imported\Eigen\src\SparseCore</Filter></ClInclude><ClInclude Include='../../../../dycoon_labo/experimentals/cor_matrix/cpp/Eigen/src/SparseCore/SparseColEtree.h'><Filter>imported\Eigen\src\SparseCore</Filter></ClInclude><ClInclude Include='../../../../dycoon_labo/experimentals/cor_matrix/cpp/Eigen/src/SparseCore/SparseCwiseBinaryOp.h'><Filter>imported\Eigen\src\SparseCore</Filter></ClInclude><ClInclude Include='../../../../dycoon_labo/experimentals/cor_matrix/cpp/Eigen/src/SparseCore/SparseCwiseUnaryOp.h'><Filter>imported\Eigen\src\SparseCore</Filter></ClInclude><ClInclude Include='../../../../dycoon_labo/experimentals/cor_matrix/cpp/Eigen/src/SparseCore/SparseDenseProduct.h'><Filter>imported\Eigen\src\SparseCore</Filter></ClInclude><ClInclude Include='../../../../dycoon_labo/experimentals/cor_matrix/cpp/Eigen/src/SparseCore/SparseDiagonalProduct.h'><Filter>imported\Eigen\src\SparseCore</Filter></ClInclude><ClInclude Include='../../../../dycoon_labo/experimentals/cor_matrix/cpp/Eigen/src/SparseCore/SparseDot.h'><Filter>imported\Eigen\src\SparseCore</Filter></ClInclude><ClInclude Include='../../../../dycoon_labo/experimentals/cor_matrix/cpp/Eigen/src/SparseCore/SparseFuzzy.h'><Filter>imported\Eigen\src\SparseCore</Filter></ClInclude><ClInclude Include='../../../../dycoon_labo/experimentals/cor_matrix/cpp/Eigen/src/SparseCore/SparseMatrix.h'><Filter>imported\Eigen\src\SparseCore</Filter></ClInclude><ClInclude Include='../../../../dycoon_labo/experimentals/cor_matrix/cpp/Eigen/src/SparseCore/SparseMatrixBase.h'><Filter>imported\Eigen\src\SparseCore</Filter></ClInclude><ClInclude Include='../../../../dycoon_labo/experimentals/cor_matrix/cpp/Eigen/src/SparseCore/SparsePermutation.h'><Filter>imported\Eigen\src\SparseCore</Filter></ClInclude><ClInclude Include='../../../../dycoon_labo/experimentals/cor_matrix/cpp/Eigen/src/SparseCore/SparseProduct.h'><Filter>imported\Eigen\src\SparseCore</Filter></ClInclude><ClInclude Include='../../../../dycoon_labo/experimentals/cor_matrix/cpp/Eigen/src/SparseCore/SparseRedux.h'><Filter>imported\Eigen\src\SparseCore</Filter></ClInclude><ClInclude Include='../../../../dycoon_labo/experimentals/cor_matrix/cpp/Eigen/src/SparseCore/SparseSelfAdjointView.h'><Filter>imported\Eigen\src\SparseCore</Filter></ClInclude><ClInclude Include='../../../../dycoon_labo/experimentals/cor_matrix/cpp/Eigen/src/SparseCore/SparseSparseProductWithPruning.h'><Filter>imported\Eigen\src\SparseCore</Filter></ClInclude><ClInclude Include='../../../../dycoon_labo/experimentals/cor_matrix/cpp/Eigen/src/SparseCore/SparseTranspose.h'><Filter>imported\Eigen\src\SparseCore</Filter></ClInclude><ClInclude Include='../../../../dycoon_labo/experimentals/cor_matrix/cpp/Eigen/src/SparseCore/SparseTriangularView.h'><Filter>imported\Eigen\src\SparseCore</Filter></ClInclude><ClInclude Include='../../../../dycoon_labo/experimentals/cor_matrix/cpp/Eigen/src/SparseCore/SparseUtil.h'><Filter>imported\Eigen\src\SparseCore</Filter></ClInclude><ClInclude Include='../../../../dycoon_labo/experimentals/cor_matrix/cpp/Eigen/src/SparseCore/SparseVector.h'><Filter>imported\Eigen\src\SparseCore</Filter></ClInclude><ClInclude Include='../../../../dycoon_labo/experimentals/cor_matrix/cpp/Eigen/src/SparseCore/SparseView.h'><Filter>imported\Eigen\src\SparseCore</Filter></ClInclude><ClInclude Include='../../../../dycoon_labo/experimentals/cor_matrix/cpp/Eigen/src/SparseCore/TriangularSolver.h'><Filter>imported\Eigen\src\SparseCore</Filter></ClInclude><ClInclude Include='../../../../dycoon_labo/experimentals/cor_matrix/cpp/Eigen/src/SparseLU/SparseLU.h'><Filter>imported\Eigen\src\SparseLU</Filter></ClInclude><ClInclude Include='../../../../dycoon_labo/experimentals/cor_matrix/cpp/Eigen/src/SparseLU/SparseLUImpl.h'><Filter>imported\Eigen\src\SparseLU</Filter></ClInclude><ClInclude Include='../../../../dycoon_labo/experimentals/cor_matrix/cpp/Eigen/src/SparseLU/SparseLU_column_bmod.h'><Filter>imported\Eigen\src\SparseLU</Filter></ClInclude><ClInclude Include='../../../../dycoon_labo/experimentals/cor_matrix/cpp/Eigen/src/SparseLU/SparseLU_column_dfs.h'><Filter>imported\Eigen\src\SparseLU</Filter></ClInclude><ClInclude Include='../../../../dycoon_labo/experimentals/cor_matrix/cpp/Eigen/src/SparseLU/SparseLU_copy_to_ucol.h'><Filter>imported\Eigen\src\SparseLU</Filter></ClInclude><ClInclude Include='../../../../dycoon_labo/experimentals/cor_matrix/cpp/Eigen/src/SparseLU/SparseLU_gemm_kernel.h'><Filter>imported\Eigen\src\SparseLU</Filter></ClInclude><ClInclude Include='../../../../dycoon_labo/experimentals/cor_matrix/cpp/Eigen/src/SparseLU/SparseLU_heap_relax_snode.h'><Filter>imported\Eigen\src\SparseLU</Filter></ClInclude><ClInclude Include='../../../../dycoon_labo/experimentals/cor_matrix/cpp/Eigen/src/SparseLU/SparseLU_kernel_bmod.h'><Filter>imported\Eigen\src\SparseLU</Filter></ClInclude><ClInclude Include='../../../../dycoon_labo/experimentals/cor_matrix/cpp/Eigen/src/SparseLU/SparseLU_Memory.h'><Filter>imported\Eigen\src\SparseLU</Filter></ClInclude><ClInclude Include='../../../../dycoon_labo/experimentals/cor_matrix/cpp/Eigen/src/SparseLU/SparseLU_panel_bmod.h'><Filter>imported\Eigen\src\SparseLU</Filter></ClInclude><ClInclude Include='../../../../dycoon_labo/experimentals/cor_matrix/cpp/Eigen/src/SparseLU/SparseLU_panel_dfs.h'><Filter>imported\Eigen\src\SparseLU</Filter></ClInclude><ClInclude Include='../../../../dycoon_labo/experimentals/cor_matrix/cpp/Eigen/src/SparseLU/SparseLU_pivotL.h'><Filter>imported\Eigen\src\SparseLU</Filter></ClInclude><ClInclude Include='../../../../dycoon_labo/experimentals/cor_matrix/cpp/Eigen/src/SparseLU/SparseLU_pruneL.h'><Filter>imported\Eigen\src\SparseLU</Filter></ClInclude><ClInclude Include='../../../../dycoon_labo/experimentals/cor_matrix/cpp/Eigen/src/SparseLU/SparseLU_relax_snode.h'><Filter>imported\Eigen\src\SparseLU</Filter></ClInclude><ClInclude Include='../../../../dycoon_labo/experimentals/cor_matrix/cpp/Eigen/src/SparseLU/SparseLU_Structs.h'><Filter>imported\Eigen\src\SparseLU</Filter></ClInclude><ClInclude Include='../../../../dycoon_labo/experimentals/cor_matrix/cpp/Eigen/src/SparseLU/SparseLU_SupernodalMatrix.h'><Filter>imported\Eigen\src\SparseLU</Filter></ClInclude><ClInclude Include='../../../../dycoon_labo/experimentals/cor_matrix/cpp/Eigen/src/SparseLU/SparseLU_Utils.h'><Filter>imported\Eigen\src\SparseLU</Filter></ClInclude><ClInclude Include='../../../../dycoon_labo/experimentals/cor_matrix/cpp/Eigen/src/SparseQR/SparseQR.h'><Filter>imported\Eigen\src\SparseQR</Filter></ClInclude><ClInclude Include='../../../../dycoon_labo/experimentals/cor_matrix/cpp/Eigen/src/SPQRSupport/SuiteSparseQRSupport.h'><Filter>imported\Eigen\src\SPQRSupport</Filter></ClInclude><ClInclude Include='../../../../dycoon_labo/experimentals/cor_matrix/cpp/Eigen/src/StlSupport/details.h'><Filter>imported\Eigen\src\StlSupport</Filter></ClInclude><ClInclude Include='../../../../dycoon_labo/experimentals/cor_matrix/cpp/Eigen/src/StlSupport/StdDeque.h'><Filter>imported\Eigen\src\StlSupport</Filter></ClInclude><ClInclude Include='../../../../dycoon_labo/experimentals/cor_matrix/cpp/Eigen/src/StlSupport/StdList.h'><Filter>imported\Eigen\src\StlSupport</Filter></ClInclude><ClInclude Include='../../../../dycoon_labo/experimentals/cor_matrix/cpp/Eigen/src/StlSupport/StdVector.h'><Filter>imported\Eigen\src\StlSupport</Filter></ClInclude><ClInclude Include='../../../../dycoon_labo/experimentals/cor_matrix/cpp/Eigen/src/SuperLUSupport/SuperLUSupport.h'><Filter>imported\Eigen\src\SuperLUSupport</Filter></ClInclude><ClInclude Include='../../../../dycoon_labo/experimentals/cor_matrix/cpp/Eigen/src/SVD/JacobiSVD.h'><Filter>imported\Eigen\src\SVD</Filter></ClInclude><ClInclude Include='../../../../dycoon_labo/experimentals/cor_matrix/cpp/Eigen/src/SVD/JacobiSVD_MKL.h'><Filter>imported\Eigen\src\SVD</Filter></ClInclude><ClInclude Include='../../../../dycoon_labo/experimentals/cor_matrix/cpp/Eigen/src/SVD/UpperBidiagonalization.h'><Filter>imported\Eigen\src\SVD</Filter></ClInclude><ClInclude Include='../../../../dycoon_labo/experimentals/cor_matrix/cpp/Eigen/src/UmfPackSupport/UmfPackSupport.h'><Filter>imported\Eigen\src\UmfPackSupport</Filter></ClInclude><ClInclude Include='../../../../dycoon_labo/experimentals/cor_matrix/cpp/eigen_experimental.h'><Filter>imported</Filter></ClInclude><ClInclude Include='../../../../dycoon_labo/experimentals/cor_matrix/cpp/generated_binding.h'><Filter>imported</Filter></ClInclude></ItemGroup><ItemGroup><ClCompile Include='../../sources/application.cpp'><Filter>sources</Filter></ClCompile><ClCompile Include='../../sources/import/external_code_importer.cpp'><Filter>sources\import</Filter></ClCompile><ClCompile Include='../../sources/project_base.cpp'><Filter>sources</Filter></ClCompile><ClCompile Include='../../sources/project_group.cpp'><Filter>sources</Filter></ClCompile><ClCompile Include='../../sources/project_group_scene.cpp'><Filter>sources</Filter></ClCompile><ClCompile Include='../../sources/project_mruby_call.cpp'><Filter>sources</Filter></ClCompile><ClCompile Include='../../../../dycoon_labo/experimentals/cor_matrix/cpp/eigen_experimental.cpp'><Filter>imported</Filter></ClCompile><ClCompile Include='../../../../dycoon_labo/experimentals/cor_matrix/cpp/generated_binding/sub_0.cpp'><Filter>imported\generated_binding</Filter></ClCompile><ClCompile Include='../../../../dycoon_labo/experimentals/cor_matrix/cpp/generated_binding/sub_1.cpp'><Filter>imported\generated_binding</Filter></ClCompile><ClCompile Include='../../../../dycoon_labo/experimentals/cor_matrix/cpp/generated_binding/sub_10.cpp'><Filter>imported\generated_binding</Filter></ClCompile><ClCompile Include='../../../../dycoon_labo/experimentals/cor_matrix/cpp/generated_binding/sub_11.cpp'><Filter>imported\generated_binding</Filter></ClCompile><ClCompile Include='../../../../dycoon_labo/experimentals/cor_matrix/cpp/generated_binding/sub_12.cpp'><Filter>imported\generated_binding</Filter></ClCompile><ClCompile Include='../../../../dycoon_labo/experimentals/cor_matrix/cpp/generated_binding/sub_13.cpp'><Filter>imported\generated_binding</Filter></ClCompile><ClCompile Include='../../../../dycoon_labo/experimentals/cor_matrix/cpp/generated_binding/sub_14.cpp'><Filter>imported\generated_binding</Filter></ClCompile><ClCompile Include='../../../../dycoon_labo/experimentals/cor_matrix/cpp/generated_binding/sub_15.cpp'><Filter>imported\generated_binding</Filter></ClCompile><ClCompile Include='../../../../dycoon_labo/experimentals/cor_matrix/cpp/generated_binding/sub_16.cpp'><Filter>imported\generated_binding</Filter></ClCompile><ClCompile Include='../../../../dycoon_labo/experimentals/cor_matrix/cpp/generated_binding/sub_17.cpp'><Filter>imported\generated_binding</Filter></ClCompile><ClCompile Include='../../../../dycoon_labo/experimentals/cor_matrix/cpp/generated_binding/sub_18.cpp'><Filter>imported\generated_binding</Filter></ClCompile><ClCompile Include='../../../../dycoon_labo/experimentals/cor_matrix/cpp/generated_binding/sub_19.cpp'><Filter>imported\generated_binding</Filter></ClCompile><ClCompile Include='../../../../dycoon_labo/experimentals/cor_matrix/cpp/generated_binding/sub_2.cpp'><Filter>imported\generated_binding</Filter></ClCompile><ClCompile Include='../../../../dycoon_labo/experimentals/cor_matrix/cpp/generated_binding/sub_20.cpp'><Filter>imported\generated_binding</Filter></ClCompile><ClCompile Include='../../../../dycoon_labo/experimentals/cor_matrix/cpp/generated_binding/sub_21.cpp'><Filter>imported\generated_binding</Filter></ClCompile><ClCompile Include='../../../../dycoon_labo/experimentals/cor_matrix/cpp/generated_binding/sub_22.cpp'><Filter>imported\generated_binding</Filter></ClCompile><ClCompile Include='../../../../dycoon_labo/experimentals/cor_matrix/cpp/generated_binding/sub_23.cpp'><Filter>imported\generated_binding</Filter></ClCompile><ClCompile Include='../../../../dycoon_labo/experimentals/cor_matrix/cpp/generated_binding/sub_24.cpp'><Filter>imported\generated_binding</Filter></ClCompile><ClCompile Include='../../../../dycoon_labo/experimentals/cor_matrix/cpp/generated_binding/sub_25.cpp'><Filter>imported\generated_binding</Filter></ClCompile><ClCompile Include='../../../../dycoon_labo/experimentals/cor_matrix/cpp/generated_binding/sub_26.cpp'><Filter>imported\generated_binding</Filter></ClCompile><ClCompile Include='../../../../dycoon_labo/experimentals/cor_matrix/cpp/generated_binding/sub_27.cpp'><Filter>imported\generated_binding</Filter></ClCompile><ClCompile Include='../../../../dycoon_labo/experimentals/cor_matrix/cpp/generated_binding/sub_28.cpp'><Filter>imported\generated_binding</Filter></ClCompile><ClCompile Include='../../../../dycoon_labo/experimentals/cor_matrix/cpp/generated_binding/sub_29.cpp'><Filter>imported\generated_binding</Filter></ClCompile><ClCompile Include='../../../../dycoon_labo/experimentals/cor_matrix/cpp/generated_binding/sub_3.cpp'><Filter>imported\generated_binding</Filter></ClCompile><ClCompile Include='../../../../dycoon_labo/experimentals/cor_matrix/cpp/generated_binding/sub_4.cpp'><Filter>imported\generated_binding</Filter></ClCompile><ClCompile Include='../../../../dycoon_labo/experimentals/cor_matrix/cpp/generated_binding/sub_5.cpp'><Filter>imported\generated_binding</Filter></ClCompile><ClCompile Include='../../../../dycoon_labo/experimentals/cor_matrix/cpp/generated_binding/sub_6.cpp'><Filter>imported\generated_binding</Filter></ClCompile><ClCompile Include='../../../../dycoon_labo/experimentals/cor_matrix/cpp/generated_binding/sub_7.cpp'><Filter>imported\generated_binding</Filter></ClCompile><ClCompile Include='../../../../dycoon_labo/experimentals/cor_matrix/cpp/generated_binding/sub_8.cpp'><Filter>imported\generated_binding</Filter></ClCompile><ClCompile Include='../../../../dycoon_labo/experimentals/cor_matrix/cpp/generated_binding/sub_9.cpp'><Filter>imported\generated_binding</Filter></ClCompile><ClCompile Include='../../../../dycoon_labo/experimentals/cor_matrix/cpp/generated_binding.cpp'><Filter>imported</Filter></ClCompile><ClCompile Include='../../../../dycoon_labo/experimentals/cor_matrix/cpp/import_setting.cpp'><Filter>imported</Filter></ClCompile><ClCompile Include='../../../../dycoon_labo/experimentals/cor_matrix/cpp/src/dense_matrix.cpp'><Filter>imported\src</Filter></ClCompile><ClCompile Include='../../../../dycoon_labo/experimentals/cor_matrix/cpp/src/sparse_matrix.cpp'><Filter>imported\src</Filter></ClCompile></ItemGroup></Project>