<?xml version='1.0' encoding='UTF-8'?>
<Project ToolsVersion='4.0' xmlns='http://schemas.microsoft.com/developer/msbuild/2003'>
  <ItemGroup>
    <Text Include='ReadMe.txt'/>
  </ItemGroup>
  <ItemGroup>
    
    
  <ClCompile Include='../../sources/collision/collision_2d.cpp'><Filter>sources\collision</Filter></ClCompile><ClCompile Include='../../sources/cor_type.cpp'><Filter>sources</Filter></ClCompile><ClCompile Include='../../sources/math/matrix4x4.cpp'><Filter>sources\math</Filter></ClCompile><ClCompile Include='../../sources/math/vector2.cpp'><Filter>sources\math</Filter></ClCompile><ClCompile Include='../../sources/math/vector3.cpp'><Filter>sources\math</Filter></ClCompile><ClCompile Include='../../sources/math/vector4.cpp'><Filter>sources\math</Filter></ClCompile><ClCompile Include='../../sources/primitive/box.cpp'><Filter>sources\primitive</Filter></ClCompile><ClCompile Include='../../sources/primitive/o_box.cpp'><Filter>sources\primitive</Filter></ClCompile><ClCompile Include='../../sources/primitive/o_sphere.cpp'><Filter>sources\primitive</Filter></ClCompile><ClCompile Include='../../sources/primitive/sphere.cpp'><Filter>sources\primitive</Filter></ClCompile></ItemGroup>
  <ItemGroup>
    
    
  <ClInclude Include='../../sources/basic_types.h'><Filter>sources</Filter></ClInclude><ClInclude Include='../../sources/collision/collision_2d.h'><Filter>sources\collision</Filter></ClInclude><ClInclude Include='../../sources/collision/collision_2d_tmpl.h'><Filter>sources\collision</Filter></ClInclude><ClInclude Include='../../sources/collision/collision_2d_tmpl_impl.h'><Filter>sources\collision</Filter></ClInclude><ClInclude Include='../../sources/cor_type.h'><Filter>sources</Filter></ClInclude><ClInclude Include='../../sources/math/matrix4x4.h'><Filter>sources\math</Filter></ClInclude><ClInclude Include='../../sources/math/matrix4x4_tmpl.h'><Filter>sources\math</Filter></ClInclude><ClInclude Include='../../sources/math/matrix4x4_tmpl_impl.h'><Filter>sources\math</Filter></ClInclude><ClInclude Include='../../sources/math/vector2.h'><Filter>sources\math</Filter></ClInclude><ClInclude Include='../../sources/math/vector2_tmpl.h'><Filter>sources\math</Filter></ClInclude><ClInclude Include='../../sources/math/vector2_tmpl_impl.h'><Filter>sources\math</Filter></ClInclude><ClInclude Include='../../sources/math/vector3.h'><Filter>sources\math</Filter></ClInclude><ClInclude Include='../../sources/math/vector3_tmpl.h'><Filter>sources\math</Filter></ClInclude><ClInclude Include='../../sources/math/vector3_tmpl_impl.h'><Filter>sources\math</Filter></ClInclude><ClInclude Include='../../sources/math/vector4.h'><Filter>sources\math</Filter></ClInclude><ClInclude Include='../../sources/math/vector4_tmpl.h'><Filter>sources\math</Filter></ClInclude><ClInclude Include='../../sources/math/vector4_tmpl_impl.h'><Filter>sources\math</Filter></ClInclude><ClInclude Include='../../sources/primitive/box.h'><Filter>sources\primitive</Filter></ClInclude><ClInclude Include='../../sources/primitive/box_tmpl.h'><Filter>sources\primitive</Filter></ClInclude><ClInclude Include='../../sources/primitive/box_tmpl_impl.h'><Filter>sources\primitive</Filter></ClInclude><ClInclude Include='../../sources/primitive/o_box.h'><Filter>sources\primitive</Filter></ClInclude><ClInclude Include='../../sources/primitive/o_box_tmpl.h'><Filter>sources\primitive</Filter></ClInclude><ClInclude Include='../../sources/primitive/o_box_tmpl_impl.h'><Filter>sources\primitive</Filter></ClInclude><ClInclude Include='../../sources/primitive/o_sphere.h'><Filter>sources\primitive</Filter></ClInclude><ClInclude Include='../../sources/primitive/o_sphere_tmpl.h'><Filter>sources\primitive</Filter></ClInclude><ClInclude Include='../../sources/primitive/o_sphere_tmpl_impl.h'><Filter>sources\primitive</Filter></ClInclude><ClInclude Include='../../sources/primitive/sphere.h'><Filter>sources\primitive</Filter></ClInclude><ClInclude Include='../../sources/primitive/sphere_tmpl.h'><Filter>sources\primitive</Filter></ClInclude><ClInclude Include='../../sources/primitive/sphere_tmpl_impl.h'><Filter>sources\primitive</Filter></ClInclude></ItemGroup>
  <ItemGroup>
    
    
    
  <Filter Include='sources'/><Filter Include='sources\collision'/><Filter Include='sources\math'/><Filter Include='sources\primitive'/></ItemGroup>
</Project>