<?xml version='1.0' encoding='UTF-8'?>
<Project ToolsVersion='4.0' xmlns='http://schemas.microsoft.com/developer/msbuild/2003'>
  <ItemGroup>
    
    
    
  </ItemGroup>
  <ItemGroup>
    <Text Include='ReadMe.txt'/>
  </ItemGroup>
<ItemGroup/><ItemGroup/><ItemGroup/><ItemGroup><ClCompile Include='../../sources/basic_bind/cor_mruby_sub_0.cpp'><Filter>sources\basic_bind</Filter></ClCompile><ClCompile Include='../../sources/basic_bind/cor_mruby_sub_1.cpp'><Filter>sources\basic_bind</Filter></ClCompile><ClCompile Include='../../sources/basic_bind/cor_mruby_sub_10.cpp'><Filter>sources\basic_bind</Filter></ClCompile><ClCompile Include='../../sources/basic_bind/cor_mruby_sub_11.cpp'><Filter>sources\basic_bind</Filter></ClCompile><ClCompile Include='../../sources/basic_bind/cor_mruby_sub_2.cpp'><Filter>sources\basic_bind</Filter></ClCompile><ClCompile Include='../../sources/basic_bind/cor_mruby_sub_3.cpp'><Filter>sources\basic_bind</Filter></ClCompile><ClCompile Include='../../sources/basic_bind/cor_mruby_sub_4.cpp'><Filter>sources\basic_bind</Filter></ClCompile><ClCompile Include='../../sources/basic_bind/cor_mruby_sub_5.cpp'><Filter>sources\basic_bind</Filter></ClCompile><ClCompile Include='../../sources/basic_bind/cor_mruby_sub_6.cpp'><Filter>sources\basic_bind</Filter></ClCompile><ClCompile Include='../../sources/basic_bind/cor_mruby_sub_7.cpp'><Filter>sources\basic_bind</Filter></ClCompile><ClCompile Include='../../sources/basic_bind/cor_mruby_sub_8.cpp'><Filter>sources\basic_bind</Filter></ClCompile><ClCompile Include='../../sources/basic_bind/cor_mruby_sub_9.cpp'><Filter>sources\basic_bind</Filter></ClCompile><ClCompile Include='../../sources/basic_bind.cpp'><Filter>sources</Filter></ClCompile><ClCompile Include='../../sources/mrubybind.cpp'><Filter>sources</Filter></ClCompile><ClCompile Include='../../sources/mruby_array.cpp'><Filter>sources</Filter></ClCompile><ClCompile Include='../../sources/mruby_experimental.cpp'><Filter>sources</Filter></ClCompile><ClCompile Include='../../sources/mruby_ref_container.cpp'><Filter>sources</Filter></ClCompile><ClCompile Include='../../sources/mruby_state.cpp'><Filter>sources</Filter></ClCompile><ClCompile Include='../../../../projects/experimental_projects/mruby_simple_console/cpp/import_test.cpp'><Filter>imported</Filter></ClCompile></ItemGroup><ItemGroup><Filter Include='sources'/><Filter Include='sources\basic_bind'/><Filter Include='imported'/></ItemGroup><ItemGroup><ClInclude Include='../../sources/basic_bind/sub_binding_generated.h'><Filter>sources\basic_bind</Filter></ClInclude><ClInclude Include='../../sources/basic_bind.h'><Filter>sources</Filter></ClInclude><ClInclude Include='../../sources/mruby_array.h'><Filter>sources</Filter></ClInclude><ClInclude Include='../../sources/mruby_array_tmpl.h'><Filter>sources</Filter></ClInclude><ClInclude Include='../../sources/mruby_array_tmpl_impl.h'><Filter>sources</Filter></ClInclude><ClInclude Include='../../sources/mruby_experimental.h'><Filter>sources</Filter></ClInclude><ClInclude Include='../../sources/mruby_ref_container.h'><Filter>sources</Filter></ClInclude><ClInclude Include='../../sources/mruby_state.h'><Filter>sources</Filter></ClInclude><ClInclude Include='../../../../projects/experimental_projects/mruby_simple_console/cpp/import_test.h'><Filter>imported</Filter></ClInclude></ItemGroup></Project>