<?xml version='1.0' encoding='UTF-8'?>
<Project ToolsVersion='4.0' xmlns='http://schemas.microsoft.com/developer/msbuild/2003'>
  <ItemGroup>
    
    
    
  </ItemGroup>
  <ItemGroup>
    <Text Include='ReadMe.txt'/>
  </ItemGroup>
<ItemGroup/><ItemGroup/><ItemGroup/><ItemGroup><ClCompile Include='../cor_project_structure/sources/application.cpp'><Filter>..\cor_project_structure\sources</Filter></ClCompile><ClCompile Include='../cor_project_structure/sources/import/external_code_importer.cpp'><Filter>..\cor_project_structure\sources\import</Filter></ClCompile><ClCompile Include='../cor_project_structure/sources/project_base.cpp'><Filter>..\cor_project_structure\sources</Filter></ClCompile><ClCompile Include='../cor_project_structure/sources/project_group.cpp'><Filter>..\cor_project_structure\sources</Filter></ClCompile><ClCompile Include='../cor_project_structure/sources/project_group_scene.cpp'><Filter>..\cor_project_structure\sources</Filter></ClCompile><ClCompile Include='../cor_project_structure/sources/project_mruby_call.cpp'><Filter>..\cor_project_structure\sources</Filter></ClCompile><ClCompile Include='../../../../projects/experimental_projects/mruby_simple_console/cpp/import_test.cpp'><Filter>imported</Filter></ClCompile></ItemGroup><ItemGroup><Filter Include='..'/><Filter Include='..\cor_project_structure'/><Filter Include='..\cor_project_structure\sources'/><Filter Include='..\cor_project_structure\sources\import'/><Filter Include='imported'/></ItemGroup><ItemGroup><ClInclude Include='../cor_project_structure/sources/application.h'><Filter>..\cor_project_structure\sources</Filter></ClInclude><ClInclude Include='../cor_project_structure/sources/import/external_code_importer.h'><Filter>..\cor_project_structure\sources\import</Filter></ClInclude><ClInclude Include='../cor_project_structure/sources/import/external_code_import_local_conf.h'><Filter>..\cor_project_structure\sources\import</Filter></ClInclude><ClInclude Include='../cor_project_structure/sources/project_base.h'><Filter>..\cor_project_structure\sources</Filter></ClInclude><ClInclude Include='../cor_project_structure/sources/project_group.h'><Filter>..\cor_project_structure\sources</Filter></ClInclude><ClInclude Include='../cor_project_structure/sources/project_group_scene.h'><Filter>..\cor_project_structure\sources</Filter></ClInclude><ClInclude Include='../cor_project_structure/sources/project_mruby_call.h'><Filter>..\cor_project_structure\sources</Filter></ClInclude><ClInclude Include='../../../../projects/experimental_projects/mruby_simple_console/cpp/import_test.h'><Filter>imported</Filter></ClInclude></ItemGroup></Project>