<?xml version='1.0' encoding='UTF-8'?>
<Project ToolsVersion='4.0' xmlns='http://schemas.microsoft.com/developer/msbuild/2003'>
  <ItemGroup>
    
    
    
  <Filter Include='sources'/><Filter Include='sources\cocos2dx_bind'/></ItemGroup>
  <ItemGroup>
    <Text Include='ReadMe.txt'/>
  </ItemGroup>
<ItemGroup><ClInclude Include='../../sources/cocos2dx_bind.h'><Filter>sources</Filter></ClInclude><ClInclude Include='../../sources/cocos2dx_experimental.h'><Filter>sources</Filter></ClInclude><ClInclude Include='../../sources/cocos_array.h'><Filter>sources</Filter></ClInclude><ClInclude Include='../../sources/cocos_mruby_ref.h'><Filter>sources</Filter></ClInclude><ClInclude Include='../../sources/cocos_value.h'><Filter>sources</Filter></ClInclude><ClInclude Include='../../sources/cocos_weak_ptr.h'><Filter>sources</Filter></ClInclude><ClInclude Include='../../sources/mruby_script_engine.h'><Filter>sources</Filter></ClInclude><ClInclude Include='../../sources/sprite_experimental.h'><Filter>sources</Filter></ClInclude></ItemGroup><ItemGroup><ClCompile Include='../../sources/cocos2dx_bind/sub_0.cpp'><Filter>sources\cocos2dx_bind</Filter></ClCompile><ClCompile Include='../../sources/cocos2dx_bind/sub_1.cpp'><Filter>sources\cocos2dx_bind</Filter></ClCompile><ClCompile Include='../../sources/cocos2dx_bind/sub_10.cpp'><Filter>sources\cocos2dx_bind</Filter></ClCompile><ClCompile Include='../../sources/cocos2dx_bind/sub_11.cpp'><Filter>sources\cocos2dx_bind</Filter></ClCompile><ClCompile Include='../../sources/cocos2dx_bind/sub_12.cpp'><Filter>sources\cocos2dx_bind</Filter></ClCompile><ClCompile Include='../../sources/cocos2dx_bind/sub_13.cpp'><Filter>sources\cocos2dx_bind</Filter></ClCompile><ClCompile Include='../../sources/cocos2dx_bind/sub_14.cpp'><Filter>sources\cocos2dx_bind</Filter></ClCompile><ClCompile Include='../../sources/cocos2dx_bind/sub_15.cpp'><Filter>sources\cocos2dx_bind</Filter></ClCompile><ClCompile Include='../../sources/cocos2dx_bind/sub_16.cpp'><Filter>sources\cocos2dx_bind</Filter></ClCompile><ClCompile Include='../../sources/cocos2dx_bind/sub_17.cpp'><Filter>sources\cocos2dx_bind</Filter></ClCompile><ClCompile Include='../../sources/cocos2dx_bind/sub_18.cpp'><Filter>sources\cocos2dx_bind</Filter></ClCompile><ClCompile Include='../../sources/cocos2dx_bind/sub_19.cpp'><Filter>sources\cocos2dx_bind</Filter></ClCompile><ClCompile Include='../../sources/cocos2dx_bind/sub_2.cpp'><Filter>sources\cocos2dx_bind</Filter></ClCompile><ClCompile Include='../../sources/cocos2dx_bind/sub_20.cpp'><Filter>sources\cocos2dx_bind</Filter></ClCompile><ClCompile Include='../../sources/cocos2dx_bind/sub_21.cpp'><Filter>sources\cocos2dx_bind</Filter></ClCompile><ClCompile Include='../../sources/cocos2dx_bind/sub_22.cpp'><Filter>sources\cocos2dx_bind</Filter></ClCompile><ClCompile Include='../../sources/cocos2dx_bind/sub_23.cpp'><Filter>sources\cocos2dx_bind</Filter></ClCompile><ClCompile Include='../../sources/cocos2dx_bind/sub_24.cpp'><Filter>sources\cocos2dx_bind</Filter></ClCompile><ClCompile Include='../../sources/cocos2dx_bind/sub_25.cpp'><Filter>sources\cocos2dx_bind</Filter></ClCompile><ClCompile Include='../../sources/cocos2dx_bind/sub_26.cpp'><Filter>sources\cocos2dx_bind</Filter></ClCompile><ClCompile Include='../../sources/cocos2dx_bind/sub_27.cpp'><Filter>sources\cocos2dx_bind</Filter></ClCompile><ClCompile Include='../../sources/cocos2dx_bind/sub_28.cpp'><Filter>sources\cocos2dx_bind</Filter></ClCompile><ClCompile Include='../../sources/cocos2dx_bind/sub_29.cpp'><Filter>sources\cocos2dx_bind</Filter></ClCompile><ClCompile Include='../../sources/cocos2dx_bind/sub_3.cpp'><Filter>sources\cocos2dx_bind</Filter></ClCompile><ClCompile Include='../../sources/cocos2dx_bind/sub_4.cpp'><Filter>sources\cocos2dx_bind</Filter></ClCompile><ClCompile Include='../../sources/cocos2dx_bind/sub_5.cpp'><Filter>sources\cocos2dx_bind</Filter></ClCompile><ClCompile Include='../../sources/cocos2dx_bind/sub_6.cpp'><Filter>sources\cocos2dx_bind</Filter></ClCompile><ClCompile Include='../../sources/cocos2dx_bind/sub_7.cpp'><Filter>sources\cocos2dx_bind</Filter></ClCompile><ClCompile Include='../../sources/cocos2dx_bind/sub_8.cpp'><Filter>sources\cocos2dx_bind</Filter></ClCompile><ClCompile Include='../../sources/cocos2dx_bind/sub_9.cpp'><Filter>sources\cocos2dx_bind</Filter></ClCompile><ClCompile Include='../../sources/cocos2dx_bind.cpp'><Filter>sources</Filter></ClCompile><ClCompile Include='../../sources/cocos2dx_experimental.cpp'><Filter>sources</Filter></ClCompile><ClCompile Include='../../sources/cocos_array.cpp'><Filter>sources</Filter></ClCompile><ClCompile Include='../../sources/cocos_mruby_ref.cpp'><Filter>sources</Filter></ClCompile><ClCompile Include='../../sources/cocos_value.cpp'><Filter>sources</Filter></ClCompile><ClCompile Include='../../sources/cocos_weak_ptr.cpp'><Filter>sources</Filter></ClCompile><ClCompile Include='../../sources/mruby_script_engine.cpp'><Filter>sources</Filter></ClCompile><ClCompile Include='../../sources/sprite_experimental.cpp'><Filter>sources</Filter></ClCompile></ItemGroup></Project>