<?xml version="1.0" encoding="UTF-8"?>
<Project ToolsVersion="14.0" xmlns="http://schemas.microsoft.com/developer/msbuild/2003">
  <ItemGroup>
    <ClCompile Include="C:\work\cor-engine\libraries\cor_data_structure\sources\ai\cost_grid_space.cpp">
      <Filter>Source Files</Filter>
    </ClCompile>
    <ClCompile Include="C:\work\cor-engine\libraries\cor_data_structure\sources\ai\priority_queue.cpp">
      <Filter>Source Files</Filter>
    </ClCompile>
    <ClCompile Include="C:\work\cor-engine\libraries\cor_data_structure\sources\ai\stack_decoder.cpp">
      <Filter>Source Files</Filter>
    </ClCompile>
    <ClCompile Include="C:\work\cor-engine\libraries\cor_data_structure\sources\array_pool.cpp">
      <Filter>Source Files</Filter>
    </ClCompile>
    <ClCompile Include="C:\work\cor-engine\libraries\cor_data_structure\sources\basic\shared_ptr_table.cpp">
      <Filter>Source Files</Filter>
    </ClCompile>
    <ClCompile Include="C:\work\cor-engine\libraries\cor_data_structure\sources\geometry\r_tree_pool.cpp">
      <Filter>Source Files</Filter>
    </ClCompile>
    <ClCompile Include="C:\work\cor-engine\libraries\cor_data_structure\sources\geometry\uniform_grid.cpp">
      <Filter>Source Files</Filter>
    </ClCompile>
    <ClCompile Include="C:\work\cor-engine\libraries\cor_data_structure\sources\tree_pool.cpp">
      <Filter>Source Files</Filter>
    </ClCompile>
  </ItemGroup>
  <ItemGroup>
    <ClInclude Include="C:\work\cor-engine\libraries\cor_algorithm\sources\bit_operation.h">
      <Filter>Header Files</Filter>
    </ClInclude>
    <ClInclude Include="C:\work\cor-engine\libraries\cor_algorithm\sources\bit_operation_tmpl.h">
      <Filter>Header Files</Filter>
    </ClInclude>
    <ClInclude Include="C:\work\cor-engine\libraries\cor_algorithm\sources\bit_operation_tmpl_impl.h">
      <Filter>Header Files</Filter>
    </ClInclude>
    <ClInclude Include="C:\work\cor-engine\libraries\cor_algorithm\sources\utilities.h">
      <Filter>Header Files</Filter>
    </ClInclude>
    <ClInclude Include="C:\work\cor-engine\libraries\cor_algorithm\sources\utilities_tmpl.h">
      <Filter>Header Files</Filter>
    </ClInclude>
    <ClInclude Include="C:\work\cor-engine\libraries\cor_algorithm\sources\utilities_tmpl_impl.h">
      <Filter>Header Files</Filter>
    </ClInclude>
  </ItemGroup>
  <ItemGroup>
    <CustomBuild Include="C:\work\cor-engine\libraries\lib_cor_mruby\proj.cmake\CMakeLists.txt" />
  </ItemGroup>
  <ItemGroup>
    <Filter Include="Source Files">
      <UniqueIdentifier>{C08A3A7E-6712-381F-A74F-8D05B4DE3946}</UniqueIdentifier>
    </Filter>
    <Filter Include="Header Files">
      <UniqueIdentifier>{6ED544E1-BB46-38CF-9D12-153460FB3880}</UniqueIdentifier>
    </Filter>
  </ItemGroup>
</Project>
